
Microsoft Visual Studio Solution File, Format Version 12.00
# Visual Studio Version 17
VisualStudioVersion = 17.0.31903.59
MinimumVisualStudioVersion = 10.0.40219.1
Project("{FAE04EC0-301F-11D3-BF4B-00C04F79EFBC}") = "MultiChainWallet.Core", "MultiChainWallet.Core\MultiChainWallet.Core.csproj", "{E5EAA653-0524-418D-8EFB-54FDC3D0BEAF}"
EndProject
Project("{FAE04EC0-301F-11D3-BF4B-00C04F79EFBC}") = "MultiChainWallet.Infrastructure", "MultiChainWallet.Infrastructure\MultiChainWallet.Infrastructure.csproj", "{8CF68F52-46DE-4330-8A71-CDEE50CE0818}"
EndProject
Project("{FAE04EC0-301F-11D3-BF4B-00C04F79EFBC}") = "MultiChainWallet.UI", "MultiChainWallet.UI\MultiChainWallet.UI.csproj", "{A73AE6EE-2A67-48A7-AF0C-BDE67E86E490}"
EndProject
Global
	GlobalSection(SolutionConfigurationPlatforms) = preSolution
		Debug|Any CPU = Debug|Any CPU
		Release|Any CPU = Release|Any CPU
	EndGlobalSection
	GlobalSection(SolutionProperties) = preSolution
		HideSolutionNode = FALSE
	EndGlobalSection
	GlobalSection(ProjectConfigurationPlatforms) = postSolution
		{E5EAA653-0524-418D-8EFB-54FDC3D0BEAF}.Debug|Any CPU.ActiveCfg = Debug|Any CPU
		{E5EAA653-0524-418D-8EFB-54FDC3D0BEAF}.Debug|Any CPU.Build.0 = Debug|Any CPU
		{E5EAA653-0524-418D-8EFB-54FDC3D0BEAF}.Release|Any CPU.ActiveCfg = Release|Any CPU
		{E5EAA653-0524-418D-8EFB-54FDC3D0BEAF}.Release|Any CPU.Build.0 = Release|Any CPU
		{8CF68F52-46DE-4330-8A71-CDEE50CE0818}.Debug|Any CPU.ActiveCfg = Debug|Any CPU
		{8CF68F52-46DE-4330-8A71-CDEE50CE0818}.Debug|Any CPU.Build.0 = Debug|Any CPU
		{8CF68F52-46DE-4330-8A71-CDEE50CE0818}.Release|Any CPU.ActiveCfg = Release|Any CPU
		{8CF68F52-46DE-4330-8A71-CDEE50CE0818}.Release|Any CPU.Build.0 = Release|Any CPU
		{A73AE6EE-2A67-48A7-AF0C-BDE67E86E490}.Debug|Any CPU.ActiveCfg = Debug|Any CPU
		{A73AE6EE-2A67-48A7-AF0C-BDE67E86E490}.Debug|Any CPU.Build.0 = Debug|Any CPU
		{A73AE6EE-2A67-48A7-AF0C-BDE67E86E490}.Release|Any CPU.ActiveCfg = Release|Any CPU
		{A73AE6EE-2A67-48A7-AF0C-BDE67E86E490}.Release|Any CPU.Build.0 = Release|Any CPU
	EndGlobalSection
EndGlobal
